{
  "bin/bundle:247448467": [
    [64, 5, 20, "ThreadSafety/ClassInstanceVariable: Avoid class instance variables.", 2485198147]
  ],
  "spec/rspec/pending_for/build_spec.rb:791255635": [
    [63, 13, 24, "RSpec/ContextWording: Context description should match /^when\\b/, /^with\\b/, or /^without\\b/.", 408355943],
    [68, 15, 25, "RSpec/ContextWording: Context description should match /^when\\b/, /^with\\b/, or /^without\\b/.", 2840368563],
    [74, 15, 32, "RSpec/ContextWording: Context description should match /^when\\b/, /^with\\b/, or /^without\\b/.", 4291231789],
    [81, 13, 25, "RSpec/ContextWording: Context description should match /^when\\b/, /^with\\b/, or /^without\\b/.", 2840368563],
    [87, 13, 32, "RSpec/ContextWording: Context description should match /^when\\b/, /^with\\b/, or /^without\\b/.", 4291231789],
    [93, 13, 31, "RSpec/ContextWording: Context description should match /^when\\b/, /^with\\b/, or /^without\\b/.", 1078486521]
  ],
  "spec/rspec/pending_for_spec.rb:2995142328": [
    [5, 3, 66, "RSpec/LeakyConstantDeclaration: Stub module constant instead of declaring explicitly.", 1909917830],
    [6, 5, 43, "RSpec/LeakyConstantDeclaration: Stub module constant instead of declaring explicitly.", 329490497],
    [16, 13, 14, "RSpec/ContextWording: Context description should match /^when\\b/, /^with\\b/, or /^without\\b/.", 1341772134],
    [23, 7, 42, "RSpec/MultipleExpectations: Example has too many expectations [2/1].", 3324085957],
    [25, 36, 7, "RSpec/MessageSpies: Prefer `have_received` for setting message expectations. Setup `described_class` as a spy using `allow` or `instance_spy`.", 1384559950],
    [29, 7, 54, "RSpec/MultipleExpectations: Example has too many expectations [2/1].", 1980544395],
    [31, 40, 7, "RSpec/MessageSpies: Prefer `have_received` for setting message expectations. Setup `described_class` as a spy using `allow` or `instance_spy`.", 1384559950],
    [37, 15, 8, "RSpec/ContextWording: Context description should match /^when\\b/, /^with\\b/, or /^without\\b/.", 2080236924],
    [43, 11, 42, "RSpec/MultipleExpectations: Example has too many expectations [2/1].", 3324085957],
    [45, 40, 7, "RSpec/MessageSpies: Prefer `have_received` for setting message expectations. Setup `described_class` as a spy using `allow` or `instance_spy`.", 1384559950],
    [49, 11, 54, "RSpec/MultipleExpectations: Example has too many expectations [2/1].", 1980544395],
    [51, 44, 7, "RSpec/MessageSpies: Prefer `have_received` for setting message expectations. Setup `described_class` as a spy using `allow` or `instance_spy`.", 1384559950],
    [57, 15, 16, "RSpec/ContextWording: Context description should match /^when\\b/, /^with\\b/, or /^without\\b/.", 3664674875],
    [58, 9, 55, "RSpec/MultipleExpectations: Example has too many expectations [2/1].", 25540031],
    [60, 42, 7, "RSpec/MessageSpies: Prefer `have_received` for setting message expectations. Setup `described_class` as a spy using `allow` or `instance_spy`.", 1384559950],
    [65, 11, 42, "RSpec/MultipleExpectations: Example has too many expectations [2/1].", 3324085957],
    [67, 40, 7, "RSpec/MessageSpies: Prefer `have_received` for setting message expectations. Setup `described_class` as a spy using `allow` or `instance_spy`.", 1384559950],
    [71, 11, 54, "RSpec/MultipleExpectations: Example has too many expectations [2/1].", 1980544395],
    [73, 44, 7, "RSpec/MessageSpies: Prefer `have_received` for setting message expectations. Setup `described_class` as a spy using `allow` or `instance_spy`.", 1384559950],
    [79, 15, 11, "RSpec/ContextWording: Context description should match /^when\\b/, /^with\\b/, or /^without\\b/.", 1437016546],
    [82, 17, 20, "RSpec/ContextWording: Context description should match /^when\\b/, /^with\\b/, or /^without\\b/.", 3485225367],
    [83, 11, 19, "RSpec/MultipleExpectations: Example has too many expectations [2/1].", 127870359],
    [84, 40, 7, "RSpec/MessageSpies: Prefer `have_received` for setting message expectations. Setup `described_class` as a spy using `allow` or `instance_spy`.", 1384559950],
    [88, 19, 12, "RSpec/ContextWording: Context description should match /^when\\b/, /^with\\b/, or /^without\\b/.", 124201728],
    [89, 13, 30, "RSpec/MultipleExpectations: Example has too many expectations [2/1].", 3351654303],
    [91, 42, 7, "RSpec/MessageSpies: Prefer `have_received` for setting message expectations. Setup `described_class` as a spy using `allow` or `instance_spy`.", 1384559950],
    [95, 13, 42, "RSpec/MultipleExpectations: Example has too many expectations [2/1].", 2069343153],
    [97, 46, 7, "RSpec/MessageSpies: Prefer `have_received` for setting message expectations. Setup `described_class` as a spy using `allow` or `instance_spy`.", 1384559950],
    [103, 17, 24, "RSpec/ContextWording: Context description should match /^when\\b/, /^with\\b/, or /^without\\b/.", 487865602],
    [104, 11, 55, "RSpec/MultipleExpectations: Example has too many expectations [2/1].", 25540031],
    [105, 44, 7, "RSpec/MessageSpies: Prefer `have_received` for setting message expectations. Setup `described_class` as a spy using `allow` or `instance_spy`.", 1384559950],
    [109, 19, 12, "RSpec/ContextWording: Context description should match /^when\\b/, /^with\\b/, or /^without\\b/.", 124201728],
    [110, 13, 38, "RSpec/MultipleExpectations: Example has too many expectations [2/1].", 114494148],
    [112, 46, 7, "RSpec/MessageSpies: Prefer `have_received` for setting message expectations. Setup `described_class` as a spy using `allow` or `instance_spy`.", 1384559950],
    [116, 13, 42, "RSpec/MultipleExpectations: Example has too many expectations [2/1].", 2069343153],
    [118, 46, 7, "RSpec/MessageSpies: Prefer `have_received` for setting message expectations. Setup `described_class` as a spy using `allow` or `instance_spy`.", 1384559950],
    [125, 15, 21, "RSpec/ContextWording: Context description should match /^when\\b/, /^with\\b/, or /^without\\b/.", 880386561],
    [128, 17, 20, "RSpec/ContextWording: Context description should match /^when\\b/, /^with\\b/, or /^without\\b/.", 3485225367],
    [129, 11, 19, "RSpec/MultipleExpectations: Example has too many expectations [2/1].", 127870359],
    [130, 40, 7, "RSpec/MessageSpies: Prefer `have_received` for setting message expectations. Setup `described_class` as a spy using `allow` or `instance_spy`.", 1384559950],
    [134, 19, 12, "RSpec/ContextWording: Context description should match /^when\\b/, /^with\\b/, or /^without\\b/.", 124201728],
    [135, 13, 30, "RSpec/MultipleExpectations: Example has too many expectations [2/1].", 3351654303],
    [137, 42, 7, "RSpec/MessageSpies: Prefer `have_received` for setting message expectations. Setup `described_class` as a spy using `allow` or `instance_spy`.", 1384559950],
    [141, 13, 42, "RSpec/MultipleExpectations: Example has too many expectations [2/1].", 2069343153],
    [143, 46, 7, "RSpec/MessageSpies: Prefer `have_received` for setting message expectations. Setup `described_class` as a spy using `allow` or `instance_spy`.", 1384559950],
    [149, 17, 24, "RSpec/ContextWording: Context description should match /^when\\b/, /^with\\b/, or /^without\\b/.", 487865602],
    [150, 11, 55, "RSpec/MultipleExpectations: Example has too many expectations [2/1].", 25540031],
    [151, 44, 7, "RSpec/MessageSpies: Prefer `have_received` for setting message expectations. Setup `described_class` as a spy using `allow` or `instance_spy`.", 1384559950],
    [155, 19, 12, "RSpec/ContextWording: Context description should match /^when\\b/, /^with\\b/, or /^without\\b/.", 124201728],
    [156, 13, 38, "RSpec/MultipleExpectations: Example has too many expectations [2/1].", 114494148],
    [158, 46, 7, "RSpec/MessageSpies: Prefer `have_received` for setting message expectations. Setup `described_class` as a spy using `allow` or `instance_spy`.", 1384559950],
    [162, 13, 42, "RSpec/MultipleExpectations: Example has too many expectations [2/1].", 2069343153],
    [164, 46, 7, "RSpec/MessageSpies: Prefer `have_received` for setting message expectations. Setup `described_class` as a spy using `allow` or `instance_spy`.", 1384559950],
    [174, 13, 14, "RSpec/ContextWording: Context description should match /^when\\b/, /^with\\b/, or /^without\\b/.", 1341772134],
    [181, 7, 39, "RSpec/MultipleExpectations: Example has too many expectations [2/1].", 3030076987],
    [183, 36, 7, "RSpec/MessageSpies: Prefer `have_received` for setting message expectations. Setup `described_class` as a spy using `allow` or `instance_spy`.", 1384559950],
    [187, 7, 51, "RSpec/MultipleExpectations: Example has too many expectations [2/1].", 2909887701],
    [189, 40, 7, "RSpec/MessageSpies: Prefer `have_received` for setting message expectations. Setup `described_class` as a spy using `allow` or `instance_spy`.", 1384559950],
    [195, 15, 8, "RSpec/ContextWording: Context description should match /^when\\b/, /^with\\b/, or /^without\\b/.", 2080236924],
    [201, 11, 39, "RSpec/MultipleExpectations: Example has too many expectations [2/1].", 3030076987],
    [203, 40, 7, "RSpec/MessageSpies: Prefer `have_received` for setting message expectations. Setup `described_class` as a spy using `allow` or `instance_spy`.", 1384559950],
    [207, 11, 51, "RSpec/MultipleExpectations: Example has too many expectations [2/1].", 2909887701],
    [209, 44, 7, "RSpec/MessageSpies: Prefer `have_received` for setting message expectations. Setup `described_class` as a spy using `allow` or `instance_spy`.", 1384559950],
    [215, 15, 16, "RSpec/ContextWording: Context description should match /^when\\b/, /^with\\b/, or /^without\\b/.", 3664674875],
    [216, 9, 52, "RSpec/MultipleExpectations: Example has too many expectations [2/1].", 1021170209],
    [218, 42, 7, "RSpec/MessageSpies: Prefer `have_received` for setting message expectations. Setup `described_class` as a spy using `allow` or `instance_spy`.", 1384559950],
    [223, 11, 39, "RSpec/MultipleExpectations: Example has too many expectations [2/1].", 3030076987],
    [225, 40, 7, "RSpec/MessageSpies: Prefer `have_received` for setting message expectations. Setup `described_class` as a spy using `allow` or `instance_spy`.", 1384559950],
    [229, 11, 51, "RSpec/MultipleExpectations: Example has too many expectations [2/1].", 2909887701],
    [231, 44, 7, "RSpec/MessageSpies: Prefer `have_received` for setting message expectations. Setup `described_class` as a spy using `allow` or `instance_spy`.", 1384559950],
    [237, 15, 11, "RSpec/ContextWording: Context description should match /^when\\b/, /^with\\b/, or /^without\\b/.", 1437016546],
    [240, 17, 20, "RSpec/ContextWording: Context description should match /^when\\b/, /^with\\b/, or /^without\\b/.", 3485225367],
    [241, 11, 16, "RSpec/MultipleExpectations: Example has too many expectations [2/1].", 2475291625],
    [242, 40, 7, "RSpec/MessageSpies: Prefer `have_received` for setting message expectations. Setup `described_class` as a spy using `allow` or `instance_spy`.", 1384559950],
    [246, 19, 12, "RSpec/ContextWording: Context description should match /^when\\b/, /^with\\b/, or /^without\\b/.", 124201728],
    [247, 13, 27, "RSpec/MultipleExpectations: Example has too many expectations [2/1].", 1670677217],
    [249, 42, 7, "RSpec/MessageSpies: Prefer `have_received` for setting message expectations. Setup `described_class` as a spy using `allow` or `instance_spy`.", 1384559950],
    [253, 13, 39, "RSpec/MultipleExpectations: Example has too many expectations [2/1].", 1819132303],
    [255, 46, 7, "RSpec/MessageSpies: Prefer `have_received` for setting message expectations. Setup `described_class` as a spy using `allow` or `instance_spy`.", 1384559950],
    [261, 17, 24, "RSpec/ContextWording: Context description should match /^when\\b/, /^with\\b/, or /^without\\b/.", 487865602],
    [262, 11, 52, "RSpec/MultipleExpectations: Example has too many expectations [2/1].", 1021170209],
    [263, 44, 7, "RSpec/MessageSpies: Prefer `have_received` for setting message expectations. Setup `described_class` as a spy using `allow` or `instance_spy`.", 1384559950],
    [267, 19, 12, "RSpec/ContextWording: Context description should match /^when\\b/, /^with\\b/, or /^without\\b/.", 124201728],
    [268, 13, 35, "RSpec/MultipleExpectations: Example has too many expectations [2/1].", 4152563546],
    [270, 46, 7, "RSpec/MessageSpies: Prefer `have_received` for setting message expectations. Setup `described_class` as a spy using `allow` or `instance_spy`.", 1384559950],
    [274, 13, 39, "RSpec/MultipleExpectations: Example has too many expectations [2/1].", 1819132303],
    [276, 46, 7, "RSpec/MessageSpies: Prefer `have_received` for setting message expectations. Setup `described_class` as a spy using `allow` or `instance_spy`.", 1384559950],
    [283, 15, 21, "RSpec/ContextWording: Context description should match /^when\\b/, /^with\\b/, or /^without\\b/.", 880386561],
    [286, 17, 20, "RSpec/ContextWording: Context description should match /^when\\b/, /^with\\b/, or /^without\\b/.", 3485225367],
    [287, 11, 16, "RSpec/MultipleExpectations: Example has too many expectations [2/1].", 2475291625],
    [288, 40, 7, "RSpec/MessageSpies: Prefer `have_received` for setting message expectations. Setup `described_class` as a spy using `allow` or `instance_spy`.", 1384559950],
    [292, 19, 12, "RSpec/ContextWording: Context description should match /^when\\b/, /^with\\b/, or /^without\\b/.", 124201728],
    [293, 13, 27, "RSpec/MultipleExpectations: Example has too many expectations [2/1].", 1670677217],
    [295, 42, 7, "RSpec/MessageSpies: Prefer `have_received` for setting message expectations. Setup `described_class` as a spy using `allow` or `instance_spy`.", 1384559950],
    [299, 13, 39, "RSpec/MultipleExpectations: Example has too many expectations [2/1].", 1819132303],
    [301, 46, 7, "RSpec/MessageSpies: Prefer `have_received` for setting message expectations. Setup `described_class` as a spy using `allow` or `instance_spy`.", 1384559950],
    [307, 17, 24, "RSpec/ContextWording: Context description should match /^when\\b/, /^with\\b/, or /^without\\b/.", 487865602],
    [308, 11, 52, "RSpec/MultipleExpectations: Example has too many expectations [2/1].", 1021170209],
    [309, 44, 7, "RSpec/MessageSpies: Prefer `have_received` for setting message expectations. Setup `described_class` as a spy using `allow` or `instance_spy`.", 1384559950],
    [313, 19, 12, "RSpec/ContextWording: Context description should match /^when\\b/, /^with\\b/, or /^without\\b/.", 124201728],
    [314, 13, 35, "RSpec/MultipleExpectations: Example has too many expectations [2/1].", 4152563546],
    [316, 46, 7, "RSpec/MessageSpies: Prefer `have_received` for setting message expectations. Setup `described_class` as a spy using `allow` or `instance_spy`.", 1384559950],
    [320, 13, 39, "RSpec/MultipleExpectations: Example has too many expectations [2/1].", 1819132303],
    [322, 46, 7, "RSpec/MessageSpies: Prefer `have_received` for setting message expectations. Setup `described_class` as a spy using `allow` or `instance_spy`.", 1384559950]
  ]
}
